
Microsoft Visual Studio Solution File, Format Version 12.00
# Visual Studio Version 16
VisualStudioVersion = 16.0.31205.134
MinimumVisualStudioVersion = 10.0.40219.1
Project("{FAE04EC0-301F-11D3-BF4B-00C04F79EFBC}") = "DemoS3", "DemoS3\DemoS3.csproj", "{F6BF6000-D657-49CC-B046-6C82B9C8788F}"
EndProject
Global
	GlobalSection(SolutionConfigurationPlatforms) = preSolution
		Debug|Any CPU = Debug|Any CPU
		Release|Any CPU = Release|Any CPU
	EndGlobalSection
	GlobalSection(ProjectConfigurationPlatforms) = postSolution
		{F6BF6000-D657-49CC-B046-6C82B9C8788F}.Debug|Any CPU.ActiveCfg = Debug|Any CPU
		{F6BF6000-D657-49CC-B046-6C82B9C8788F}.Debug|Any CPU.Build.0 = Debug|Any CPU
		{F6BF6000-D657-49CC-B046-6C82B9C8788F}.Release|Any CPU.ActiveCfg = Release|Any CPU
		{F6BF6000-D657-49CC-B046-6C82B9C8788F}.Release|Any CPU.Build.0 = Release|Any CPU
	EndGlobalSection
	GlobalSection(SolutionProperties) = preSolution
		HideSolutionNode = FALSE
	EndGlobalSection
	GlobalSection(ExtensibilityGlobals) = postSolution
		SolutionGuid = {82C867CC-6ED4-417E-B602-AB9EA06F2ACE}
	EndGlobalSection
EndGlobal
